
Microsoft Visual Studio Solution File, Format Version 12.00
# Visual Studio 15
Project("{FAE04EC0-301F-11D3-BF4B-00C04F79EFBC}") = "Unity.Cursor.Editor", "Unity.Cursor.Editor.csproj", "{9ABB7656-76D6-EE5C-D861-FEBFDBF38F40}"
EndProject
Project("{FAE04EC0-301F-11D3-BF4B-00C04F79EFBC}") = "Assembly-CSharp", "Assembly-CSharp.csproj", "{10BF78F3-1A1D-A96E-EA2C-E2BB5BB81C52}"
EndProject
Project("{FAE04EC0-301F-11D3-BF4B-00C04F79EFBC}") = "Assembly-CSharp-Editor", "Assembly-CSharp-Editor.csproj", "{D5A450C1-A428-4D61-EACC-4EDA36C0517C}"
EndProject
Project("{FAE04EC0-301F-11D3-BF4B-00C04F79EFBC}") = "Sirenix.OdinInspector.Modules.Unity.Addressables", "Sirenix.OdinInspector.Modules.Unity.Addressables.csproj", "{A920E0D2-8D39-CD2A-5A6B-370C90562AB1}"
EndProject
Project("{FAE04EC0-301F-11D3-BF4B-00C04F79EFBC}") = "Sirenix.OdinInspector.Modules.UnityMathematics", "Sirenix.OdinInspector.Modules.UnityMathematics.csproj", "{D0B26CFA-793B-B7A3-76EC-89F34E78B145}"
EndProject
Global
	GlobalSection(SolutionConfigurationPlatforms) = preSolution
		Debug|Any CPU = Debug|Any CPU
		Release|Any CPU = Release|Any CPU
	EndGlobalSection
	GlobalSection(ProjectConfigurationPlatforms) = postSolution
		{9ABB7656-76D6-EE5C-D861-FEBFDBF38F40}.Debug|Any CPU.ActiveCfg = Debug|Any CPU
		{9ABB7656-76D6-EE5C-D861-FEBFDBF38F40}.Debug|Any CPU.Build.0 = Debug|Any CPU
		{9ABB7656-76D6-EE5C-D861-FEBFDBF38F40}.Release|Any CPU.ActiveCfg = Release|Any CPU
		{9ABB7656-76D6-EE5C-D861-FEBFDBF38F40}.Release|Any CPU.Build.0 = Release|Any CPU
		{10BF78F3-1A1D-A96E-EA2C-E2BB5BB81C52}.Debug|Any CPU.ActiveCfg = Debug|Any CPU
		{10BF78F3-1A1D-A96E-EA2C-E2BB5BB81C52}.Debug|Any CPU.Build.0 = Debug|Any CPU
		{10BF78F3-1A1D-A96E-EA2C-E2BB5BB81C52}.Release|Any CPU.ActiveCfg = Release|Any CPU
		{10BF78F3-1A1D-A96E-EA2C-E2BB5BB81C52}.Release|Any CPU.Build.0 = Release|Any CPU
		{D5A450C1-A428-4D61-EACC-4EDA36C0517C}.Debug|Any CPU.ActiveCfg = Debug|Any CPU
		{D5A450C1-A428-4D61-EACC-4EDA36C0517C}.Debug|Any CPU.Build.0 = Debug|Any CPU
		{D5A450C1-A428-4D61-EACC-4EDA36C0517C}.Release|Any CPU.ActiveCfg = Release|Any CPU
		{D5A450C1-A428-4D61-EACC-4EDA36C0517C}.Release|Any CPU.Build.0 = Release|Any CPU
		{A920E0D2-8D39-CD2A-5A6B-370C90562AB1}.Debug|Any CPU.ActiveCfg = Debug|Any CPU
		{A920E0D2-8D39-CD2A-5A6B-370C90562AB1}.Debug|Any CPU.Build.0 = Debug|Any CPU
		{A920E0D2-8D39-CD2A-5A6B-370C90562AB1}.Release|Any CPU.ActiveCfg = Release|Any CPU
		{A920E0D2-8D39-CD2A-5A6B-370C90562AB1}.Release|Any CPU.Build.0 = Release|Any CPU
		{D0B26CFA-793B-B7A3-76EC-89F34E78B145}.Debug|Any CPU.ActiveCfg = Debug|Any CPU
		{D0B26CFA-793B-B7A3-76EC-89F34E78B145}.Debug|Any CPU.Build.0 = Debug|Any CPU
		{D0B26CFA-793B-B7A3-76EC-89F34E78B145}.Release|Any CPU.ActiveCfg = Release|Any CPU
		{D0B26CFA-793B-B7A3-76EC-89F34E78B145}.Release|Any CPU.Build.0 = Release|Any CPU
	EndGlobalSection
	GlobalSection(SolutionProperties) = preSolution
		HideSolutionNode = FALSE
	EndGlobalSection
EndGlobal
